{
  "name": "@davidfernandez31/sigfox-dms",
  "version": "0.0.2",
  "lockfileVersion": 2,
  "requires": true,
  "packages": {
    "": {
      "name": "@davidfernandez31/sigfox-dms",
      "version": "0.0.2",
      "license": "MIT",
      "dependencies": {
        "@davidfernandez31/sigfox-dms": "^0.0.2"
      }
    },
    "node_modules/@davidfernandez31/sigfox-dms": {
      "version": "0.0.2",
      "resolved": "https://registry.npmjs.org/@davidfernandez31/sigfox-dms/-/sigfox-dms-0.0.2.tgz",
      "integrity": "sha512-m9351ceUJFGgD/f+y9sdN9h+g2f/doYs328HRwQSUjG3J4nSUJ5j+GiCMmpF3m3efbvqcNrw5EdE9v6m6+FFww=="
    }
  },
  "dependencies": {
    "@davidfernandez31/sigfox-dms": {
      "version": "0.0.2",
      "resolved": "https://registry.npmjs.org/@davidfernandez31/sigfox-dms/-/sigfox-dms-0.0.2.tgz",
      "integrity": "sha512-m9351ceUJFGgD/f+y9sdN9h+g2f/doYs328HRwQSUjG3J4nSUJ5j+GiCMmpF3m3efbvqcNrw5EdE9v6m6+FFww=="
    }
  }
}
